
Microsoft Visual Studio Solution File, Format Version 12.00
# Visual Studio Version 16
VisualStudioVersion = 16.0.30011.22
MinimumVisualStudioVersion = 10.0.40219.1
Project("{FAE04EC0-301F-11D3-BF4B-00C04F79EFBC}") = "ASPProjekat.Domain", "ASPProjekat.Domain\ASPProjekat.Domain.csproj", "{DB34B29D-B092-4BCB-A9B1-740B7FEC57C2}"
EndProject
Project("{FAE04EC0-301F-11D3-BF4B-00C04F79EFBC}") = "ASPProjekat.Application", "ASPProjekat.Application\ASPProjekat.Application.csproj", "{62D5490A-0B68-4049-BE88-3747C3F3ADF3}"
EndProject
Project("{FAE04EC0-301F-11D3-BF4B-00C04F79EFBC}") = "ASPProjekat.Implementation", "ASPProjekat.Implementation\ASPProjekat.Implementation.csproj", "{FE574A22-DB8B-46D2-BF34-EB4CA7DDB8A6}"
EndProject
Project("{FAE04EC0-301F-11D3-BF4B-00C04F79EFBC}") = "ASPProjekat.EFDataAccess", "ASPProjekat.EFDataAccess\ASPProjekat.EFDataAccess.csproj", "{62CB612D-6A8A-4556-945E-A3A9358506B1}"
EndProject
Project("{FAE04EC0-301F-11D3-BF4B-00C04F79EFBC}") = "ASPProjekat.ApiApp", "ASPProjekat.ApiApp\ASPProjekat.ApiApp.csproj", "{2797A7F7-3013-445D-8AB9-3F138FFCCAC8}"
EndProject
Global
	GlobalSection(SolutionConfigurationPlatforms) = preSolution
		Debug|Any CPU = Debug|Any CPU
		Release|Any CPU = Release|Any CPU
	EndGlobalSection
	GlobalSection(ProjectConfigurationPlatforms) = postSolution
		{DB34B29D-B092-4BCB-A9B1-740B7FEC57C2}.Debug|Any CPU.ActiveCfg = Debug|Any CPU
		{DB34B29D-B092-4BCB-A9B1-740B7FEC57C2}.Debug|Any CPU.Build.0 = Debug|Any CPU
		{DB34B29D-B092-4BCB-A9B1-740B7FEC57C2}.Release|Any CPU.ActiveCfg = Release|Any CPU
		{DB34B29D-B092-4BCB-A9B1-740B7FEC57C2}.Release|Any CPU.Build.0 = Release|Any CPU
		{62D5490A-0B68-4049-BE88-3747C3F3ADF3}.Debug|Any CPU.ActiveCfg = Debug|Any CPU
		{62D5490A-0B68-4049-BE88-3747C3F3ADF3}.Debug|Any CPU.Build.0 = Debug|Any CPU
		{62D5490A-0B68-4049-BE88-3747C3F3ADF3}.Release|Any CPU.ActiveCfg = Release|Any CPU
		{62D5490A-0B68-4049-BE88-3747C3F3ADF3}.Release|Any CPU.Build.0 = Release|Any CPU
		{FE574A22-DB8B-46D2-BF34-EB4CA7DDB8A6}.Debug|Any CPU.ActiveCfg = Debug|Any CPU
		{FE574A22-DB8B-46D2-BF34-EB4CA7DDB8A6}.Debug|Any CPU.Build.0 = Debug|Any CPU
		{FE574A22-DB8B-46D2-BF34-EB4CA7DDB8A6}.Release|Any CPU.ActiveCfg = Release|Any CPU
		{FE574A22-DB8B-46D2-BF34-EB4CA7DDB8A6}.Release|Any CPU.Build.0 = Release|Any CPU
		{62CB612D-6A8A-4556-945E-A3A9358506B1}.Debug|Any CPU.ActiveCfg = Debug|Any CPU
		{62CB612D-6A8A-4556-945E-A3A9358506B1}.Debug|Any CPU.Build.0 = Debug|Any CPU
		{62CB612D-6A8A-4556-945E-A3A9358506B1}.Release|Any CPU.ActiveCfg = Release|Any CPU
		{62CB612D-6A8A-4556-945E-A3A9358506B1}.Release|Any CPU.Build.0 = Release|Any CPU
		{2797A7F7-3013-445D-8AB9-3F138FFCCAC8}.Debug|Any CPU.ActiveCfg = Debug|Any CPU
		{2797A7F7-3013-445D-8AB9-3F138FFCCAC8}.Debug|Any CPU.Build.0 = Debug|Any CPU
		{2797A7F7-3013-445D-8AB9-3F138FFCCAC8}.Release|Any CPU.ActiveCfg = Release|Any CPU
		{2797A7F7-3013-445D-8AB9-3F138FFCCAC8}.Release|Any CPU.Build.0 = Release|Any CPU
	EndGlobalSection
	GlobalSection(SolutionProperties) = preSolution
		HideSolutionNode = FALSE
	EndGlobalSection
	GlobalSection(ExtensibilityGlobals) = postSolution
		SolutionGuid = {05202DD0-C994-4818-B289-A588BA4517FB}
	EndGlobalSection
EndGlobal
